
Microsoft Visual Studio Solution File, Format Version 12.00
# Visual Studio Version 17
VisualStudioVersion = 17.0.32112.339
MinimumVisualStudioVersion = 10.0.40219.1
Project("{2150E333-8FDC-42A3-9474-1A3956D46DE8}") = "Microservices", "Microservices", "{DF3F2E77-6FF3-4DC2-A562-7E83179E2724}"
EndProject
Project("{9A19103F-16F7-4668-BE54-9A1E7A4F7556}") = "Sliit.MTIT.Hotel_Bill", "Sliit.MTIT.Hotel_Bill\Sliit.MTIT.Hotel_Bill.csproj", "{C0BC875F-D647-4BF7-828A-D3B294503E9D}"
EndProject
Project("{9A19103F-16F7-4668-BE54-9A1E7A4F7556}") = "Sliit.MTIT.Ocelote", "Sliit.MTIT.Ocelote\Sliit.MTIT.Ocelote.csproj", "{345BCFA3-1C30-4022-9289-BEFC26A1F53B}"
EndProject
Project("{FAE04EC0-301F-11D3-BF4B-00C04F79EFBC}") = "Sliit.MTIT.Food", "Sliit.MTIT.Food\Sliit.MTIT.Food.csproj", "{52F7DDE3-2D80-4DAD-BF28-9B13B8728875}"
EndProject
Global
	GlobalSection(SolutionConfigurationPlatforms) = preSolution
		Debug|Any CPU = Debug|Any CPU
		Release|Any CPU = Release|Any CPU
	EndGlobalSection
	GlobalSection(ProjectConfigurationPlatforms) = postSolution
		{C0BC875F-D647-4BF7-828A-D3B294503E9D}.Debug|Any CPU.ActiveCfg = Debug|Any CPU
		{C0BC875F-D647-4BF7-828A-D3B294503E9D}.Debug|Any CPU.Build.0 = Debug|Any CPU
		{C0BC875F-D647-4BF7-828A-D3B294503E9D}.Release|Any CPU.ActiveCfg = Release|Any CPU
		{C0BC875F-D647-4BF7-828A-D3B294503E9D}.Release|Any CPU.Build.0 = Release|Any CPU
		{345BCFA3-1C30-4022-9289-BEFC26A1F53B}.Debug|Any CPU.ActiveCfg = Debug|Any CPU
		{345BCFA3-1C30-4022-9289-BEFC26A1F53B}.Debug|Any CPU.Build.0 = Debug|Any CPU
		{345BCFA3-1C30-4022-9289-BEFC26A1F53B}.Release|Any CPU.ActiveCfg = Release|Any CPU
		{345BCFA3-1C30-4022-9289-BEFC26A1F53B}.Release|Any CPU.Build.0 = Release|Any CPU
		{52F7DDE3-2D80-4DAD-BF28-9B13B8728875}.Debug|Any CPU.ActiveCfg = Debug|Any CPU
		{52F7DDE3-2D80-4DAD-BF28-9B13B8728875}.Debug|Any CPU.Build.0 = Debug|Any CPU
		{52F7DDE3-2D80-4DAD-BF28-9B13B8728875}.Release|Any CPU.ActiveCfg = Release|Any CPU
		{52F7DDE3-2D80-4DAD-BF28-9B13B8728875}.Release|Any CPU.Build.0 = Release|Any CPU
	EndGlobalSection
	GlobalSection(SolutionProperties) = preSolution
		HideSolutionNode = FALSE
	EndGlobalSection
	GlobalSection(NestedProjects) = preSolution
		{C0BC875F-D647-4BF7-828A-D3B294503E9D} = {DF3F2E77-6FF3-4DC2-A562-7E83179E2724}
		{345BCFA3-1C30-4022-9289-BEFC26A1F53B} = {DF3F2E77-6FF3-4DC2-A562-7E83179E2724}
		{52F7DDE3-2D80-4DAD-BF28-9B13B8728875} = {DF3F2E77-6FF3-4DC2-A562-7E83179E2724}
	EndGlobalSection
	GlobalSection(ExtensibilityGlobals) = postSolution
		SolutionGuid = {9E157434-339E-427A-97FB-83194FB8082A}
	EndGlobalSection
EndGlobal
